
Microsoft Visual Studio Solution File, Format Version 12.00
# Visual Studio Version 16
VisualStudioVersion = 16.0.31624.102
MinimumVisualStudioVersion = 10.0.40219.1
Project("{FAE04EC0-301F-11D3-BF4B-00C04F79EFBC}") = "AlgorithmLearning", "AlgorithmLearning.csproj", "{74ACB2E7-ADEB-491B-8BC5-ECBD552F3716}"
EndProject
Global
	GlobalSection(SolutionConfigurationPlatforms) = preSolution
		Debug|Any CPU = Debug|Any CPU
		Release|Any CPU = Release|Any CPU
	EndGlobalSection
	GlobalSection(ProjectConfigurationPlatforms) = postSolution
		{74ACB2E7-ADEB-491B-8BC5-ECBD552F3716}.Debug|Any CPU.ActiveCfg = Debug|Any CPU
		{74ACB2E7-ADEB-491B-8BC5-ECBD552F3716}.Debug|Any CPU.Build.0 = Debug|Any CPU
		{74ACB2E7-ADEB-491B-8BC5-ECBD552F3716}.Release|Any CPU.ActiveCfg = Release|Any CPU
		{74ACB2E7-ADEB-491B-8BC5-ECBD552F3716}.Release|Any CPU.Build.0 = Release|Any CPU
	EndGlobalSection
	GlobalSection(SolutionProperties) = preSolution
		HideSolutionNode = FALSE
	EndGlobalSection
	GlobalSection(ExtensibilityGlobals) = postSolution
		SolutionGuid = {E7F236C3-C564-4471-BB71-6F646CCE467A}
	EndGlobalSection
EndGlobal
